<?xml version="1.0" encoding="utf-8"?>
<Project ToolsVersion="4.0" xmlns="http://schemas.microsoft.com/developer/msbuild/2003">
  <ItemGroup>
    <Filter Include="Source Files">
      <UniqueIdentifier>{4FC737F1-C7A5-4376-A066-2A32D752A2FF}</UniqueIdentifier>
      <Extensions>cpp;c;cc;cxx;c++;cppm;ixx;def;odl;idl;hpj;bat;asm;asmx</Extensions>
    </Filter>
    <Filter Include="Header Files">
      <UniqueIdentifier>{93995380-89BD-4b04-88EB-625FBE52EBFB}</UniqueIdentifier>
      <Extensions>h;hh;hpp;hxx;h++;hm;inl;inc;ipp;xsd</Extensions>
    </Filter>
    <Filter Include="Resource Files">
      <UniqueIdentifier>{67DA6AB6-F800-4c08-8B7A-83BB121AAD01}</UniqueIdentifier>
      <Extensions>rc;ico;cur;bmp;dlg;rc2;rct;bin;rgs;gif;jpg;jpeg;jpe;resx;tiff;tif;png;wav;mfcribbon-ms</Extensions>
    </Filter>
    <Filter Include="lpu237">
      <UniqueIdentifier>{bd699397-cf28-4cbe-97a1-d9b3e8e796b7}</UniqueIdentifier>
    </Filter>
  </ItemGroup>
  <ItemGroup>
    <ClInclude Include="tp_lpu237.h">
      <Filter>Header Files</Filter>
    </ClInclude>
    <ClInclude Include="tp_lpu237Dlg.h">
      <Filter>Header Files</Filter>
    </ClInclude>
    <ClInclude Include="framework.h">
      <Filter>Header Files</Filter>
    </ClInclude>
    <ClInclude Include="targetver.h">
      <Filter>Header Files</Filter>
    </ClInclude>
    <ClInclude Include="Resource.h">
      <Filter>Header Files</Filter>
    </ClInclude>
    <ClInclude Include="pch.h">
      <Filter>Header Files</Filter>
    </ClInclude>
    <ClInclude Include="c_tab_msr.h">
      <Filter>Header Files</Filter>
    </ClInclude>
    <ClInclude Include="c_tab_opos.h">
      <Filter>Header Files</Filter>
    </ClInclude>
    <ClInclude Include="c_tab_test.h">
      <Filter>Header Files</Filter>
    </ClInclude>
    <ClInclude Include="c_dlg_msr_test.h">
      <Filter>Header Files</Filter>
    </ClInclude>
    <ClInclude Include="c_dlg_msr_sentinel.h">
      <Filter>Header Files</Filter>
    </ClInclude>
    <ClInclude Include="c_dlg_test_water_lock.h">
      <Filter>Header Files</Filter>
    </ClInclude>
  </ItemGroup>
  <ItemGroup>
    <ClCompile Include="tp_lpu237.cpp">
      <Filter>Source Files</Filter>
    </ClCompile>
    <ClCompile Include="tp_lpu237Dlg.cpp">
      <Filter>Source Files</Filter>
    </ClCompile>
    <ClCompile Include="pch.cpp">
      <Filter>Source Files</Filter>
    </ClCompile>
    <ClCompile Include="c_tab_msr.cpp">
      <Filter>Source Files</Filter>
    </ClCompile>
    <ClCompile Include="c_tab_opos.cpp">
      <Filter>Source Files</Filter>
    </ClCompile>
    <ClCompile Include="c_tab_test.cpp">
      <Filter>Source Files</Filter>
    </ClCompile>
    <ClCompile Include="c_dlg_msr_test.cpp">
      <Filter>Source Files</Filter>
    </ClCompile>
    <ClCompile Include="c_dlg_msr_sentinel.cpp">
      <Filter>Source Files</Filter>
    </ClCompile>
    <ClCompile Include="c_dlg_test_water_lock.cpp">
      <Filter>Source Files</Filter>
    </ClCompile>
  </ItemGroup>
  <ItemGroup>
    <ResourceCompile Include="tplpu237.rc">
      <Filter>Resource Files</Filter>
    </ResourceCompile>
  </ItemGroup>
  <ItemGroup>
    <None Include="res\tplpu237.rc2">
      <Filter>Resource Files</Filter>
    </None>
  </ItemGroup>
  <ItemGroup>
    <Image Include="res\tp_lpu237.ico">
      <Filter>Resource Files</Filter>
    </Image>
  </ItemGroup>
</Project>